
Microsoft Visual Studio Solution File, Format Version 12.00
# Visual Studio Version 17
VisualStudioVersion = 17.10.35013.160
MinimumVisualStudioVersion = 10.0.40219.1
Project("{9A19103F-16F7-4668-BE54-9A1E7A4F7556}") = "Carpool.API", "src\Carpool.API\Carpool.API.csproj", "{7B16298D-BFC6-4E6C-9A42-C1214BB98601}"
EndProject
Project("{9A19103F-16F7-4668-BE54-9A1E7A4F7556}") = "Carpool.Application", "src\Carpool.Application\Carpool.Application.csproj", "{48AB1C74-FFC7-4483-9655-07D132BC5496}"
EndProject
Project("{9A19103F-16F7-4668-BE54-9A1E7A4F7556}") = "Carpool.Domain", "src\Carpool.Domain\Carpool.Domain.csproj", "{6E5AA39B-FE6E-4B93-975A-A261DD1FAB76}"
EndProject
Project("{2150E333-8FDC-42A3-9474-1A3956D46DE8}") = "Application", "Application", "{2A66BFEA-D244-4C1E-892F-85E020E3B0F7}"
EndProject
Project("{2150E333-8FDC-42A3-9474-1A3956D46DE8}") = "Domain", "Domain", "{95E2C733-EB97-4FAE-B49B-4E1437B43059}"
EndProject
Project("{2150E333-8FDC-42A3-9474-1A3956D46DE8}") = "Infrastructure", "Infrastructure", "{72146FCE-56EE-429E-B96C-B8EB8AF69752}"
EndProject
Project("{2150E333-8FDC-42A3-9474-1A3956D46DE8}") = "API", "API", "{69B6D5B9-AD15-4E5A-AEF7-2AAC136D23EE}"
EndProject
Project("{9A19103F-16F7-4668-BE54-9A1E7A4F7556}") = "Carpool.Domain.Core", "src\Carpool.Domain.Core\Carpool.Domain.Core.csproj", "{864B4C98-2C50-4E69-9786-996B5B5F6908}"
EndProject
Project("{9A19103F-16F7-4668-BE54-9A1E7A4F7556}") = "Carpool.Application.Abstractions", "src\Carpool.Application.Abstractions\Carpool.Application.Abstractions.csproj", "{42674D2A-6ED3-4D29-9529-50ED988A2E3B}"
EndProject
Project("{9A19103F-16F7-4668-BE54-9A1E7A4F7556}") = "Carpool.Application.DTOs", "src\Carpool.Application.DTOs\Carpool.Application.DTOs.csproj", "{3CC4ED84-A847-452E-849A-AA631B6C0C8F}"
EndProject
Project("{9A19103F-16F7-4668-BE54-9A1E7A4F7556}") = "Carpool.Data", "src\Carpool.Data\Carpool.Data.csproj", "{8919D969-56D9-4AEE-803E-490A0CF3C961}"
EndProject
Project("{9A19103F-16F7-4668-BE54-9A1E7A4F7556}") = "Carpool.Data.InMemory", "src\Carpool.Data.InMemory\Carpool.Data.InMemory.csproj", "{AD78F350-8110-4054-979D-EED513564287}"
EndProject
Project("{2150E333-8FDC-42A3-9474-1A3956D46DE8}") = "test", "test", "{55B2E4A1-13F7-4DB4-8F5C-47C0B497D0E1}"
EndProject
Project("{9A19103F-16F7-4668-BE54-9A1E7A4F7556}") = "Carpool.Integration.Tests", "test\Carpool.Integration.Tests\Carpool.Integration.Tests.csproj", "{90F334E2-E358-4AF9-A418-B2F8633FE4BC}"
EndProject
Project("{9A19103F-16F7-4668-BE54-9A1E7A4F7556}") = "Carpool.Unit.Tests", "test\Carpool.Unit.Tests\Carpool.Unit.Tests.csproj", "{891624BF-144C-4ACF-8E58-D8566909AF43}"
EndProject
Project("{9A19103F-16F7-4668-BE54-9A1E7A4F7556}") = "Carpool.API.Tests", "test\Carpool.API.Tests\Carpool.API.Tests.csproj", "{E44ABB33-2086-4372-8914-26B240024E5F}"
EndProject
Project("{2150E333-8FDC-42A3-9474-1A3956D46DE8}") = "src", "src", "{ABDA881C-885B-4892-9828-9855E03390D2}"
EndProject
Project("{FAE04EC0-301F-11D3-BF4B-00C04F79EFBC}") = "Carpool.Gateway", "src\Carpool.Gateway\Carpool.Gateway.csproj", "{1F30FB1B-A93B-4BEE-8DE6-AA8A5EE44C11}"
EndProject
Global
	GlobalSection(SolutionConfigurationPlatforms) = preSolution
		Debug|Any CPU = Debug|Any CPU
		Release|Any CPU = Release|Any CPU
	EndGlobalSection
	GlobalSection(ProjectConfigurationPlatforms) = postSolution
		{7B16298D-BFC6-4E6C-9A42-C1214BB98601}.Debug|Any CPU.ActiveCfg = Debug|Any CPU
		{7B16298D-BFC6-4E6C-9A42-C1214BB98601}.Debug|Any CPU.Build.0 = Debug|Any CPU
		{7B16298D-BFC6-4E6C-9A42-C1214BB98601}.Release|Any CPU.ActiveCfg = Release|Any CPU
		{7B16298D-BFC6-4E6C-9A42-C1214BB98601}.Release|Any CPU.Build.0 = Release|Any CPU
		{48AB1C74-FFC7-4483-9655-07D132BC5496}.Debug|Any CPU.ActiveCfg = Debug|Any CPU
		{48AB1C74-FFC7-4483-9655-07D132BC5496}.Debug|Any CPU.Build.0 = Debug|Any CPU
		{48AB1C74-FFC7-4483-9655-07D132BC5496}.Release|Any CPU.ActiveCfg = Release|Any CPU
		{48AB1C74-FFC7-4483-9655-07D132BC5496}.Release|Any CPU.Build.0 = Release|Any CPU
		{6E5AA39B-FE6E-4B93-975A-A261DD1FAB76}.Debug|Any CPU.ActiveCfg = Debug|Any CPU
		{6E5AA39B-FE6E-4B93-975A-A261DD1FAB76}.Debug|Any CPU.Build.0 = Debug|Any CPU
		{6E5AA39B-FE6E-4B93-975A-A261DD1FAB76}.Release|Any CPU.ActiveCfg = Release|Any CPU
		{6E5AA39B-FE6E-4B93-975A-A261DD1FAB76}.Release|Any CPU.Build.0 = Release|Any CPU
		{864B4C98-2C50-4E69-9786-996B5B5F6908}.Debug|Any CPU.ActiveCfg = Debug|Any CPU
		{864B4C98-2C50-4E69-9786-996B5B5F6908}.Debug|Any CPU.Build.0 = Debug|Any CPU
		{864B4C98-2C50-4E69-9786-996B5B5F6908}.Release|Any CPU.ActiveCfg = Release|Any CPU
		{864B4C98-2C50-4E69-9786-996B5B5F6908}.Release|Any CPU.Build.0 = Release|Any CPU
		{42674D2A-6ED3-4D29-9529-50ED988A2E3B}.Debug|Any CPU.ActiveCfg = Debug|Any CPU
		{42674D2A-6ED3-4D29-9529-50ED988A2E3B}.Debug|Any CPU.Build.0 = Debug|Any CPU
		{42674D2A-6ED3-4D29-9529-50ED988A2E3B}.Release|Any CPU.ActiveCfg = Release|Any CPU
		{42674D2A-6ED3-4D29-9529-50ED988A2E3B}.Release|Any CPU.Build.0 = Release|Any CPU
		{3CC4ED84-A847-452E-849A-AA631B6C0C8F}.Debug|Any CPU.ActiveCfg = Debug|Any CPU
		{3CC4ED84-A847-452E-849A-AA631B6C0C8F}.Debug|Any CPU.Build.0 = Debug|Any CPU
		{3CC4ED84-A847-452E-849A-AA631B6C0C8F}.Release|Any CPU.ActiveCfg = Release|Any CPU
		{3CC4ED84-A847-452E-849A-AA631B6C0C8F}.Release|Any CPU.Build.0 = Release|Any CPU
		{8919D969-56D9-4AEE-803E-490A0CF3C961}.Debug|Any CPU.ActiveCfg = Debug|Any CPU
		{8919D969-56D9-4AEE-803E-490A0CF3C961}.Debug|Any CPU.Build.0 = Debug|Any CPU
		{8919D969-56D9-4AEE-803E-490A0CF3C961}.Release|Any CPU.ActiveCfg = Release|Any CPU
		{8919D969-56D9-4AEE-803E-490A0CF3C961}.Release|Any CPU.Build.0 = Release|Any CPU
		{AD78F350-8110-4054-979D-EED513564287}.Debug|Any CPU.ActiveCfg = Debug|Any CPU
		{AD78F350-8110-4054-979D-EED513564287}.Debug|Any CPU.Build.0 = Debug|Any CPU
		{AD78F350-8110-4054-979D-EED513564287}.Release|Any CPU.ActiveCfg = Release|Any CPU
		{AD78F350-8110-4054-979D-EED513564287}.Release|Any CPU.Build.0 = Release|Any CPU
		{90F334E2-E358-4AF9-A418-B2F8633FE4BC}.Debug|Any CPU.ActiveCfg = Debug|Any CPU
		{90F334E2-E358-4AF9-A418-B2F8633FE4BC}.Debug|Any CPU.Build.0 = Debug|Any CPU
		{90F334E2-E358-4AF9-A418-B2F8633FE4BC}.Release|Any CPU.ActiveCfg = Release|Any CPU
		{90F334E2-E358-4AF9-A418-B2F8633FE4BC}.Release|Any CPU.Build.0 = Release|Any CPU
		{891624BF-144C-4ACF-8E58-D8566909AF43}.Debug|Any CPU.ActiveCfg = Debug|Any CPU
		{891624BF-144C-4ACF-8E58-D8566909AF43}.Debug|Any CPU.Build.0 = Debug|Any CPU
		{891624BF-144C-4ACF-8E58-D8566909AF43}.Release|Any CPU.ActiveCfg = Release|Any CPU
		{891624BF-144C-4ACF-8E58-D8566909AF43}.Release|Any CPU.Build.0 = Release|Any CPU
		{E44ABB33-2086-4372-8914-26B240024E5F}.Debug|Any CPU.ActiveCfg = Debug|Any CPU
		{E44ABB33-2086-4372-8914-26B240024E5F}.Debug|Any CPU.Build.0 = Debug|Any CPU
		{E44ABB33-2086-4372-8914-26B240024E5F}.Release|Any CPU.ActiveCfg = Release|Any CPU
		{E44ABB33-2086-4372-8914-26B240024E5F}.Release|Any CPU.Build.0 = Release|Any CPU
		{1F30FB1B-A93B-4BEE-8DE6-AA8A5EE44C11}.Debug|Any CPU.ActiveCfg = Debug|Any CPU
		{1F30FB1B-A93B-4BEE-8DE6-AA8A5EE44C11}.Debug|Any CPU.Build.0 = Debug|Any CPU
		{1F30FB1B-A93B-4BEE-8DE6-AA8A5EE44C11}.Release|Any CPU.ActiveCfg = Release|Any CPU
		{1F30FB1B-A93B-4BEE-8DE6-AA8A5EE44C11}.Release|Any CPU.Build.0 = Release|Any CPU
	EndGlobalSection
	GlobalSection(SolutionProperties) = preSolution
		HideSolutionNode = FALSE
	EndGlobalSection
	GlobalSection(NestedProjects) = preSolution
		{7B16298D-BFC6-4E6C-9A42-C1214BB98601} = {69B6D5B9-AD15-4E5A-AEF7-2AAC136D23EE}
		{48AB1C74-FFC7-4483-9655-07D132BC5496} = {2A66BFEA-D244-4C1E-892F-85E020E3B0F7}
		{6E5AA39B-FE6E-4B93-975A-A261DD1FAB76} = {95E2C733-EB97-4FAE-B49B-4E1437B43059}
		{2A66BFEA-D244-4C1E-892F-85E020E3B0F7} = {ABDA881C-885B-4892-9828-9855E03390D2}
		{95E2C733-EB97-4FAE-B49B-4E1437B43059} = {ABDA881C-885B-4892-9828-9855E03390D2}
		{72146FCE-56EE-429E-B96C-B8EB8AF69752} = {ABDA881C-885B-4892-9828-9855E03390D2}
		{69B6D5B9-AD15-4E5A-AEF7-2AAC136D23EE} = {ABDA881C-885B-4892-9828-9855E03390D2}
		{864B4C98-2C50-4E69-9786-996B5B5F6908} = {95E2C733-EB97-4FAE-B49B-4E1437B43059}
		{42674D2A-6ED3-4D29-9529-50ED988A2E3B} = {2A66BFEA-D244-4C1E-892F-85E020E3B0F7}
		{3CC4ED84-A847-452E-849A-AA631B6C0C8F} = {2A66BFEA-D244-4C1E-892F-85E020E3B0F7}
		{8919D969-56D9-4AEE-803E-490A0CF3C961} = {72146FCE-56EE-429E-B96C-B8EB8AF69752}
		{AD78F350-8110-4054-979D-EED513564287} = {72146FCE-56EE-429E-B96C-B8EB8AF69752}
		{90F334E2-E358-4AF9-A418-B2F8633FE4BC} = {55B2E4A1-13F7-4DB4-8F5C-47C0B497D0E1}
		{891624BF-144C-4ACF-8E58-D8566909AF43} = {55B2E4A1-13F7-4DB4-8F5C-47C0B497D0E1}
		{E44ABB33-2086-4372-8914-26B240024E5F} = {55B2E4A1-13F7-4DB4-8F5C-47C0B497D0E1}
		{1F30FB1B-A93B-4BEE-8DE6-AA8A5EE44C11} = {72146FCE-56EE-429E-B96C-B8EB8AF69752}
	EndGlobalSection
	GlobalSection(ExtensibilityGlobals) = postSolution
		SolutionGuid = {D3A84E81-A169-4442-88E4-E6E931519CE4}
	EndGlobalSection
EndGlobal
